
Microsoft Visual Studio Solution File, Format Version 12.00
# Visual Studio Version 17
VisualStudioVersion = 17.0.31903.59
MinimumVisualStudioVersion = 10.0.40219.1
Project("{2150E333-8FDC-42A3-9474-1A3956D46DE8}") = "src", "src", "{67424BBC-6E46-4ED6-A069-2B6C07E101F5}"
EndProject
Project("{FAE04EC0-301F-11D3-BF4B-00C04F79EFBC}") = "Ghostae.Orbit.Agent", "src\Ghostae.Orbit.Agent\Ghostae.Orbit.Agent.csproj", "{01FEBCC2-F050-432E-BBA1-A1B04B437336}"
EndProject
Project("{2150E333-8FDC-42A3-9474-1A3956D46DE8}") = "tests", "tests", "{5B5EB7F5-56B7-43CC-A468-A952EDCF9BAF}"
EndProject
Project("{FAE04EC0-301F-11D3-BF4B-00C04F79EFBC}") = "Ghostae.Orbit.Tests", "tests\Ghostae.Orbit.Tests\Ghostae.Orbit.Tests.csproj", "{BA2D230F-6873-4556-B3F1-353B46824922}"
EndProject
Global
	GlobalSection(SolutionConfigurationPlatforms) = preSolution
		Debug|Any CPU = Debug|Any CPU
		Release|Any CPU = Release|Any CPU
	EndGlobalSection
	GlobalSection(SolutionProperties) = preSolution
		HideSolutionNode = FALSE
	EndGlobalSection
	GlobalSection(ProjectConfigurationPlatforms) = postSolution
		{01FEBCC2-F050-432E-BBA1-A1B04B437336}.Debug|Any CPU.ActiveCfg = Debug|Any CPU
		{01FEBCC2-F050-432E-BBA1-A1B04B437336}.Debug|Any CPU.Build.0 = Debug|Any CPU
		{01FEBCC2-F050-432E-BBA1-A1B04B437336}.Release|Any CPU.ActiveCfg = Release|Any CPU
		{01FEBCC2-F050-432E-BBA1-A1B04B437336}.Release|Any CPU.Build.0 = Release|Any CPU
		{BA2D230F-6873-4556-B3F1-353B46824922}.Debug|Any CPU.ActiveCfg = Debug|Any CPU
		{BA2D230F-6873-4556-B3F1-353B46824922}.Debug|Any CPU.Build.0 = Debug|Any CPU
		{BA2D230F-6873-4556-B3F1-353B46824922}.Release|Any CPU.ActiveCfg = Release|Any CPU
		{BA2D230F-6873-4556-B3F1-353B46824922}.Release|Any CPU.Build.0 = Release|Any CPU
	EndGlobalSection
	GlobalSection(NestedProjects) = preSolution
		{01FEBCC2-F050-432E-BBA1-A1B04B437336} = {67424BBC-6E46-4ED6-A069-2B6C07E101F5}
		{BA2D230F-6873-4556-B3F1-353B46824922} = {5B5EB7F5-56B7-43CC-A468-A952EDCF9BAF}
	EndGlobalSection
EndGlobal
